
Microsoft Visual Studio Solution File, Format Version 12.00
# Visual Studio Version 16
VisualStudioVersion = 16.0.29230.47
MinimumVisualStudioVersion = 10.0.40219.1
Project("{FAE04EC0-301F-11D3-BF4B-00C04F79EFBC}") = "CodeBootcamp1", "CodeBootcamp1\CodeBootcamp1.csproj", "{B17093EC-F0F6-4214-BB48-A304DB97C523}"
EndProject
Global
	GlobalSection(SolutionConfigurationPlatforms) = preSolution
		Debug|Any CPU = Debug|Any CPU
		Release|Any CPU = Release|Any CPU
	EndGlobalSection
	GlobalSection(ProjectConfigurationPlatforms) = postSolution
		{B17093EC-F0F6-4214-BB48-A304DB97C523}.Debug|Any CPU.ActiveCfg = Debug|Any CPU
		{B17093EC-F0F6-4214-BB48-A304DB97C523}.Debug|Any CPU.Build.0 = Debug|Any CPU
		{B17093EC-F0F6-4214-BB48-A304DB97C523}.Release|Any CPU.ActiveCfg = Release|Any CPU
		{B17093EC-F0F6-4214-BB48-A304DB97C523}.Release|Any CPU.Build.0 = Release|Any CPU
	EndGlobalSection
	GlobalSection(SolutionProperties) = preSolution
		HideSolutionNode = FALSE
	EndGlobalSection
	GlobalSection(ExtensibilityGlobals) = postSolution
		SolutionGuid = {911B8845-78D9-4EA9-854A-C5EA72BB03EE}
	EndGlobalSection
EndGlobal
